
Microsoft Visual Studio Solution File, Format Version 12.00
# Visual Studio Version 17
VisualStudioVersion = 17.14.36401.2 d17.14
MinimumVisualStudioVersion = 10.0.40219.1
Project("{FAE04EC0-301F-11D3-BF4B-00C04F79EFBC}") = "ExerciciosXML_2", "ExerciciosXML_2\ExerciciosXML_2.csproj", "{8BDDAD7B-7D77-46BC-8E5E-A5CA45C2953E}"
EndProject
Global
	GlobalSection(SolutionConfigurationPlatforms) = preSolution
		Debug|Any CPU = Debug|Any CPU
		Release|Any CPU = Release|Any CPU
	EndGlobalSection
	GlobalSection(ProjectConfigurationPlatforms) = postSolution
		{8BDDAD7B-7D77-46BC-8E5E-A5CA45C2953E}.Debug|Any CPU.ActiveCfg = Debug|Any CPU
		{8BDDAD7B-7D77-46BC-8E5E-A5CA45C2953E}.Debug|Any CPU.Build.0 = Debug|Any CPU
		{8BDDAD7B-7D77-46BC-8E5E-A5CA45C2953E}.Release|Any CPU.ActiveCfg = Release|Any CPU
		{8BDDAD7B-7D77-46BC-8E5E-A5CA45C2953E}.Release|Any CPU.Build.0 = Release|Any CPU
	EndGlobalSection
	GlobalSection(SolutionProperties) = preSolution
		HideSolutionNode = FALSE
	EndGlobalSection
	GlobalSection(ExtensibilityGlobals) = postSolution
		SolutionGuid = {C2B4E88C-15A3-402C-9C91-5B726617DDA7}
	EndGlobalSection
EndGlobal
