
Microsoft Visual Studio Solution File, Format Version 12.00
# Visual Studio Version 17
VisualStudioVersion = 17.14.36401.2 d17.14
MinimumVisualStudioVersion = 10.0.40219.1
Project("{FAE04EC0-301F-11D3-BF4B-00C04F79EFBC}") = "ExerciciosXML_3", "ExerciciosXML_3\ExerciciosXML_3.csproj", "{3107D268-C8D4-45CB-8718-2B749FE755D5}"
EndProject
Global
	GlobalSection(SolutionConfigurationPlatforms) = preSolution
		Debug|Any CPU = Debug|Any CPU
		Release|Any CPU = Release|Any CPU
	EndGlobalSection
	GlobalSection(ProjectConfigurationPlatforms) = postSolution
		{3107D268-C8D4-45CB-8718-2B749FE755D5}.Debug|Any CPU.ActiveCfg = Debug|Any CPU
		{3107D268-C8D4-45CB-8718-2B749FE755D5}.Debug|Any CPU.Build.0 = Debug|Any CPU
		{3107D268-C8D4-45CB-8718-2B749FE755D5}.Release|Any CPU.ActiveCfg = Release|Any CPU
		{3107D268-C8D4-45CB-8718-2B749FE755D5}.Release|Any CPU.Build.0 = Release|Any CPU
	EndGlobalSection
	GlobalSection(SolutionProperties) = preSolution
		HideSolutionNode = FALSE
	EndGlobalSection
	GlobalSection(ExtensibilityGlobals) = postSolution
		SolutionGuid = {F3690FF5-76DC-4AC6-9862-3662F2BF1450}
	EndGlobalSection
EndGlobal
