
Microsoft Visual Studio Solution File, Format Version 12.00
# Visual Studio Version 17
VisualStudioVersion = 17.14.36401.2 d17.14
MinimumVisualStudioVersion = 10.0.40219.1
Project("{FAE04EC0-301F-11D3-BF4B-00C04F79EFBC}") = "BibliotecaFinanceira", "BibliotecaFinanceira\BibliotecaFinanceira.csproj", "{F9DC3EDA-B298-4930-8BA3-F2B1031B93B4}"
EndProject
Project("{FAE04EC0-301F-11D3-BF4B-00C04F79EFBC}") = "AppTesteFinanceiro", "AppTesteFinanceiro\AppTesteFinanceiro.csproj", "{F42BE68C-BFFC-4C91-9575-8CCA8D410E1B}"
EndProject
Project("{FAE04EC0-301F-11D3-BF4B-00C04F79EFBC}") = "BibliotecaValidacoes", "BibliotecaValidacoes\BibliotecaValidacoes.csproj", "{8B02B7F3-465E-474D-BBFE-571B261BAE12}"
EndProject
Global
	GlobalSection(SolutionConfigurationPlatforms) = preSolution
		Debug|Any CPU = Debug|Any CPU
		Release|Any CPU = Release|Any CPU
	EndGlobalSection
	GlobalSection(ProjectConfigurationPlatforms) = postSolution
		{F9DC3EDA-B298-4930-8BA3-F2B1031B93B4}.Debug|Any CPU.ActiveCfg = Debug|Any CPU
		{F9DC3EDA-B298-4930-8BA3-F2B1031B93B4}.Debug|Any CPU.Build.0 = Debug|Any CPU
		{F9DC3EDA-B298-4930-8BA3-F2B1031B93B4}.Release|Any CPU.ActiveCfg = Release|Any CPU
		{F9DC3EDA-B298-4930-8BA3-F2B1031B93B4}.Release|Any CPU.Build.0 = Release|Any CPU
		{F42BE68C-BFFC-4C91-9575-8CCA8D410E1B}.Debug|Any CPU.ActiveCfg = Debug|Any CPU
		{F42BE68C-BFFC-4C91-9575-8CCA8D410E1B}.Debug|Any CPU.Build.0 = Debug|Any CPU
		{F42BE68C-BFFC-4C91-9575-8CCA8D410E1B}.Release|Any CPU.ActiveCfg = Release|Any CPU
		{F42BE68C-BFFC-4C91-9575-8CCA8D410E1B}.Release|Any CPU.Build.0 = Release|Any CPU
		{8B02B7F3-465E-474D-BBFE-571B261BAE12}.Debug|Any CPU.ActiveCfg = Debug|Any CPU
		{8B02B7F3-465E-474D-BBFE-571B261BAE12}.Debug|Any CPU.Build.0 = Debug|Any CPU
		{8B02B7F3-465E-474D-BBFE-571B261BAE12}.Release|Any CPU.ActiveCfg = Release|Any CPU
		{8B02B7F3-465E-474D-BBFE-571B261BAE12}.Release|Any CPU.Build.0 = Release|Any CPU
	EndGlobalSection
	GlobalSection(SolutionProperties) = preSolution
		HideSolutionNode = FALSE
	EndGlobalSection
	GlobalSection(ExtensibilityGlobals) = postSolution
		SolutionGuid = {A988A56B-DB18-471A-8B84-0D1D788EBC61}
	EndGlobalSection
EndGlobal
